
Microsoft Visual Studio Solution File, Format Version 12.00
# Visual Studio Version 17
VisualStudioVersion = 17.4.33110.190
MinimumVisualStudioVersion = 10.0.40219.1
Project("{9A19103F-16F7-4668-BE54-9A1E7A4F7556}") = "Net7.WebApi.Test", "Net7.WebApi.Test.csproj", "{A5EE4F50-1693-4D53-83E4-D365C35EE128}"
EndProject
Project("{9A19103F-16F7-4668-BE54-9A1E7A4F7556}") = "ClientForREST", "..\Client\ClientForREST.csproj", "{02EF84C8-1498-4424-92DC-3397D4DFEA8E}"
EndProject
Global
	GlobalSection(SolutionConfigurationPlatforms) = preSolution
		Debug|Any CPU = Debug|Any CPU
		Release|Any CPU = Release|Any CPU
	EndGlobalSection
	GlobalSection(ProjectConfigurationPlatforms) = postSolution
		{A5EE4F50-1693-4D53-83E4-D365C35EE128}.Debug|Any CPU.ActiveCfg = Debug|Any CPU
		{A5EE4F50-1693-4D53-83E4-D365C35EE128}.Debug|Any CPU.Build.0 = Debug|Any CPU
		{A5EE4F50-1693-4D53-83E4-D365C35EE128}.Release|Any CPU.ActiveCfg = Release|Any CPU
		{A5EE4F50-1693-4D53-83E4-D365C35EE128}.Release|Any CPU.Build.0 = Release|Any CPU
		{02EF84C8-1498-4424-92DC-3397D4DFEA8E}.Debug|Any CPU.ActiveCfg = Debug|Any CPU
		{02EF84C8-1498-4424-92DC-3397D4DFEA8E}.Debug|Any CPU.Build.0 = Debug|Any CPU
		{02EF84C8-1498-4424-92DC-3397D4DFEA8E}.Release|Any CPU.ActiveCfg = Release|Any CPU
		{02EF84C8-1498-4424-92DC-3397D4DFEA8E}.Release|Any CPU.Build.0 = Release|Any CPU
	EndGlobalSection
	GlobalSection(SolutionProperties) = preSolution
		HideSolutionNode = FALSE
	EndGlobalSection
	GlobalSection(ExtensibilityGlobals) = postSolution
		SolutionGuid = {7BA6022E-F35F-4524-AD9C-40CF4E4C0141}
	EndGlobalSection
EndGlobal
